// !$*UTF8*$!
{
	archiveVersion = 1;
	classes = {
	};
	objectVersion = 50;
	objects = {

/* Begin PBXBuildFile section */
		08964360232DE23C00335B9D /* Secrets.swift in Sources */ = {isa = PBXBuildFile; fileRef = 0896435F232DE23C00335B9D /* Secrets.swift */; };
		8500B681232C224000F6378F /* AppDelegate.swift in Sources */ = {isa = PBXBuildFile; fileRef = 8500B680232C224000F6378F /* AppDelegate.swift */; };
		8500B686232C224000F6378F /* Main.storyboard in Resources */ = {isa = PBXBuildFile; fileRef = 8500B684232C224000F6378F /* Main.storyboard */; };
		8500B688232C224100F6378F /* Assets.xcassets in Resources */ = {isa = PBXBuildFile; fileRef = 8500B687232C224100F6378F /* Assets.xcassets */; };
		8500B68B232C224100F6378F /* LaunchScreen.storyboard in Resources */ = {isa = PBXBuildFile; fileRef = 8500B689232C224100F6378F /* LaunchScreen.storyboard */; };
		8500B696232C224100F6378F /* Resturant_TinderTests.swift in Sources */ = {isa = PBXBuildFile; fileRef = 8500B695232C224100F6378F /* Resturant_TinderTests.swift */; };
		8500B6A6232C453500F6378F /* LoginViewController.swift in Sources */ = {isa = PBXBuildFile; fileRef = 8500B6A5232C453500F6378F /* LoginViewController.swift */; };
		8500B6A8232C487800F6378F /* SignUpViewController.swift in Sources */ = {isa = PBXBuildFile; fileRef = 8500B6A7232C487700F6378F /* SignUpViewController.swift */; };
		8500B6AA232C54A200F6378F /* Secrets.swift in Sources */ = {isa = PBXBuildFile; fileRef = 8500B6A9232C54A200F6378F /* Secrets.swift */; };
		8500B6AC232D43E800F6378F /* ForgotPasswordViewController.swift in Sources */ = {isa = PBXBuildFile; fileRef = 8500B6AB232D43E800F6378F /* ForgotPasswordViewController.swift */; };
		8500B6AE232D80EA00F6378F /* SwipeViewController.swift in Sources */ = {isa = PBXBuildFile; fileRef = 8500B6AD232D80EA00F6378F /* SwipeViewController.swift */; };
		85F49A67232E6F120017B21E /* welcomeViewController.swift in Sources */ = {isa = PBXBuildFile; fileRef = 85F49A66232E6F120017B21E /* welcomeViewController.swift */; };
		85F49A69232E95A80017B21E /* MenuViewController.swift in Sources */ = {isa = PBXBuildFile; fileRef = 85F49A68232E95A80017B21E /* MenuViewController.swift */; };
		85F49A6B232FDDD40017B21E /* CatergoriesViewController.swift in Sources */ = {isa = PBXBuildFile; fileRef = 85F49A6A232FDDD40017B21E /* CatergoriesViewController.swift */; };
		85F49A6D232FE1E30017B21E /* ResturantsViewController.swift in Sources */ = {isa = PBXBuildFile; fileRef = 85F49A6C232FE1E30017B21E /* ResturantsViewController.swift */; };
		85F49A6F232FE2140017B21E /* ResturantDetailViewController.swift in Sources */ = {isa = PBXBuildFile; fileRef = 85F49A6E232FE2140017B21E /* ResturantDetailViewController.swift */; };
		85F49A71232FF8B80017B21E /* ResturantTableViewCell.swift in Sources */ = {isa = PBXBuildFile; fileRef = 85F49A70232FF8B80017B21E /* ResturantTableViewCell.swift */; };
/* End PBXBuildFile section */

/* Begin PBXContainerItemProxy section */
		8500B692232C224100F6378F /* PBXContainerItemProxy */ = {
			isa = PBXContainerItemProxy;
			containerPortal = 8500B675232C224000F6378F /* Project object */;
			proxyType = 1;
			remoteGlobalIDString = 8500B67C232C224000F6378F;
			remoteInfo = "Resturant-Tinder";
		};
/* End PBXContainerItemProxy section */

/* Begin PBXFileReference section */
		0896435F232DE23C00335B9D /* Secrets.swift */ = {isa = PBXFileReference; fileEncoding = 4; lastKnownFileType = sourcecode.swift; path = Secrets.swift; sourceTree = "<group>"; };
		8500B67D232C224000F6378F /* Resturant-Tinder.app */ = {isa = PBXFileReference; explicitFileType = wrapper.application; includeInIndex = 0; path = "Resturant-Tinder.app"; sourceTree = BUILT_PRODUCTS_DIR; };
		8500B680232C224000F6378F /* AppDelegate.swift */ = {isa = PBXFileReference; lastKnownFileType = sourcecode.swift; path = AppDelegate.swift; sourceTree = "<group>"; };
		8500B685232C224000F6378F /* Base */ = {isa = PBXFileReference; lastKnownFileType = file.storyboard; name = Base; path = Base.lproj/Main.storyboard; sourceTree = "<group>"; };
		8500B687232C224100F6378F /* Assets.xcassets */ = {isa = PBXFileReference; lastKnownFileType = folder.assetcatalog; path = Assets.xcassets; sourceTree = "<group>"; };
		8500B68A232C224100F6378F /* Base */ = {isa = PBXFileReference; lastKnownFileType = file.storyboard; name = Base; path = Base.lproj/LaunchScreen.storyboard; sourceTree = "<group>"; };
		8500B68C232C224100F6378F /* Info.plist */ = {isa = PBXFileReference; lastKnownFileType = text.plist.xml; path = Info.plist; sourceTree = "<group>"; };
		8500B691232C224100F6378F /* Resturant-TinderTests.xctest */ = {isa = PBXFileReference; explicitFileType = wrapper.cfbundle; includeInIndex = 0; path = "Resturant-TinderTests.xctest"; sourceTree = BUILT_PRODUCTS_DIR; };
		8500B695232C224100F6378F /* Resturant_TinderTests.swift */ = {isa = PBXFileReference; lastKnownFileType = sourcecode.swift; path = Resturant_TinderTests.swift; sourceTree = "<group>"; };
		8500B697232C224100F6378F /* Info.plist */ = {isa = PBXFileReference; lastKnownFileType = text.plist.xml; path = Info.plist; sourceTree = "<group>"; };
		8500B6A5232C453500F6378F /* LoginViewController.swift */ = {isa = PBXFileReference; fileEncoding = 4; lastKnownFileType = sourcecode.swift; path = LoginViewController.swift; sourceTree = "<group>"; };
		8500B6A7232C487700F6378F /* SignUpViewController.swift */ = {isa = PBXFileReference; fileEncoding = 4; lastKnownFileType = sourcecode.swift; path = SignUpViewController.swift; sourceTree = "<group>"; };
		8500B6A9232C54A200F6378F /* Secrets.swift */ = {isa = PBXFileReference; lastKnownFileType = sourcecode.swift; path = Secrets.swift; sourceTree = "<group>"; };
		8500B6AB232D43E800F6378F /* ForgotPasswordViewController.swift */ = {isa = PBXFileReference; lastKnownFileType = sourcecode.swift; path = ForgotPasswordViewController.swift; sourceTree = "<group>"; };
		8500B6AD232D80EA00F6378F /* SwipeViewController.swift */ = {isa = PBXFileReference; lastKnownFileType = sourcecode.swift; path = SwipeViewController.swift; sourceTree = "<group>"; };
		85F49A66232E6F120017B21E /* welcomeViewController.swift */ = {isa = PBXFileReference; lastKnownFileType = sourcecode.swift; path = welcomeViewController.swift; sourceTree = "<group>"; };
		85F49A68232E95A80017B21E /* MenuViewController.swift */ = {isa = PBXFileReference; lastKnownFileType = sourcecode.swift; path = MenuViewController.swift; sourceTree = "<group>"; };
		85F49A6A232FDDD40017B21E /* CatergoriesViewController.swift */ = {isa = PBXFileReference; lastKnownFileType = sourcecode.swift; path = CatergoriesViewController.swift; sourceTree = "<group>"; };
		85F49A6C232FE1E30017B21E /* ResturantsViewController.swift */ = {isa = PBXFileReference; lastKnownFileType = sourcecode.swift; path = ResturantsViewController.swift; sourceTree = "<group>"; };
		85F49A6E232FE2140017B21E /* ResturantDetailViewController.swift */ = {isa = PBXFileReference; lastKnownFileType = sourcecode.swift; path = ResturantDetailViewController.swift; sourceTree = "<group>"; };
		85F49A70232FF8B80017B21E /* ResturantTableViewCell.swift */ = {isa = PBXFileReference; lastKnownFileType = sourcecode.swift; path = ResturantTableViewCell.swift; sourceTree = "<group>"; };
/* End PBXFileReference section */

/* Begin PBXFrameworksBuildPhase section */
		8500B67A232C224000F6378F /* Frameworks */ = {
			isa = PBXFrameworksBuildPhase;
			buildActionMask = 2147483647;
			files = (
			);
			runOnlyForDeploymentPostprocessing = 0;
		};
		8500B68E232C224100F6378F /* Frameworks */ = {
			isa = PBXFrameworksBuildPhase;
			buildActionMask = 2147483647;
			files = (
			);
			runOnlyForDeploymentPostprocessing = 0;
		};
/* End PBXFrameworksBuildPhase section */

/* Begin PBXGroup section */
		8500B674232C224000F6378F = {
			isa = PBXGroup;
			children = (
				8500B67F232C224000F6378F /* Resturant-Tinder */,
				8500B694232C224100F6378F /* Resturant-TinderTests */,
				8500B67E232C224000F6378F /* Products */,
			);
			sourceTree = "<group>";
		};
		8500B67E232C224000F6378F /* Products */ = {
			isa = PBXGroup;
			children = (
				8500B67D232C224000F6378F /* Resturant-Tinder.app */,
				8500B691232C224100F6378F /* Resturant-TinderTests.xctest */,
			);
			name = Products;
			sourceTree = "<group>";
		};
		8500B67F232C224000F6378F /* Resturant-Tinder */ = {
			isa = PBXGroup;
			children = (
				8500B680232C224000F6378F /* AppDelegate.swift */,
				8500B6A2232C2AA200F6378F /* Custom Cell file */,
				8500B6A0232C29DA00F6378F /* View controllers */,
				8500B6A1232C2A6D00F6378F /* Models */,
				8500B6A3232C2AB400F6378F /* APIClients */,
				8500B6A4232C2AE500F6378F /* Helper folder */,
				8500B684232C224000F6378F /* Main.storyboard */,
				8500B6A9232C54A200F6378F /* Secrets.swift */,
				8500B687232C224100F6378F /* Assets.xcassets */,
				8500B689232C224100F6378F /* LaunchScreen.storyboard */,
				8500B68C232C224100F6378F /* Info.plist */,
				0896435F232DE23C00335B9D /* Secrets.swift */,
			);
			path = "Resturant-Tinder";
			sourceTree = "<group>";
		};
		8500B694232C224100F6378F /* Resturant-TinderTests */ = {
			isa = PBXGroup;
			children = (
				8500B695232C224100F6378F /* Resturant_TinderTests.swift */,
				8500B697232C224100F6378F /* Info.plist */,
			);
			path = "Resturant-TinderTests";
			sourceTree = "<group>";
		};
		8500B6A0232C29DA00F6378F /* View controllers */ = {
			isa = PBXGroup;
			children = (
				8500B6A5232C453500F6378F /* LoginViewController.swift */,
				8500B6A7232C487700F6378F /* SignUpViewController.swift */,
				8500B6AB232D43E800F6378F /* ForgotPasswordViewController.swift */,
				8500B6AD232D80EA00F6378F /* SwipeViewController.swift */,
				85F49A66232E6F120017B21E /* welcomeViewController.swift */,
				85F49A68232E95A80017B21E /* MenuViewController.swift */,
				85F49A6A232FDDD40017B21E /* CatergoriesViewController.swift */,
				85F49A6C232FE1E30017B21E /* ResturantsViewController.swift */,
				85F49A6E232FE2140017B21E /* ResturantDetailViewController.swift */,
			);
			path = "View controllers";
			sourceTree = "<group>";
		};
		8500B6A1232C2A6D00F6378F /* Models */ = {
			isa = PBXGroup;
			children = (
			);
			path = Models;
			sourceTree = "<group>";
		};
		8500B6A2232C2AA200F6378F /* Custom Cell file */ = {
			isa = PBXGroup;
			children = (
				85F49A70232FF8B80017B21E /* ResturantTableViewCell.swift */,
			);
			path = "Custom Cell file";
			sourceTree = "<group>";
		};
		8500B6A3232C2AB400F6378F /* APIClients */ = {
			isa = PBXGroup;
			children = (
			);
			path = APIClients;
			sourceTree = "<group>";
		};
		8500B6A4232C2AE500F6378F /* Helper folder */ = {
			isa = PBXGroup;
			children = (
			);
			path = "Helper folder";
			sourceTree = "<group>";
		};
/* End PBXGroup section */

/* Begin PBXNativeTarget section */
		8500B67C232C224000F6378F /* Resturant-Tinder */ = {
			isa = PBXNativeTarget;
			buildConfigurationList = 8500B69A232C224100F6378F /* Build configuration list for PBXNativeTarget "Resturant-Tinder" */;
			buildPhases = (
				8500B679232C224000F6378F /* Sources */,
				8500B67A232C224000F6378F /* Frameworks */,
				8500B67B232C224000F6378F /* Resources */,
			);
			buildRules = (
			);
			dependencies = (
			);
			name = "Resturant-Tinder";
			productName = "Resturant-Tinder";
			productReference = 8500B67D232C224000F6378F /* Resturant-Tinder.app */;
			productType = "com.apple.product-type.application";
		};
		8500B690232C224100F6378F /* Resturant-TinderTests */ = {
			isa = PBXNativeTarget;
			buildConfigurationList = 8500B69D232C224100F6378F /* Build configuration list for PBXNativeTarget "Resturant-TinderTests" */;
			buildPhases = (
				8500B68D232C224100F6378F /* Sources */,
				8500B68E232C224100F6378F /* Frameworks */,
				8500B68F232C224100F6378F /* Resources */,
			);
			buildRules = (
			);
			dependencies = (
				8500B693232C224100F6378F /* PBXTargetDependency */,
			);
			name = "Resturant-TinderTests";
			productName = "Resturant-TinderTests";
			productReference = 8500B691232C224100F6378F /* Resturant-TinderTests.xctest */;
			productType = "com.apple.product-type.bundle.unit-test";
		};
/* End PBXNativeTarget section */

/* Begin PBXProject section */
		8500B675232C224000F6378F /* Project object */ = {
			isa = PBXProject;
			attributes = {
				LastSwiftUpdateCheck = 1020;
				LastUpgradeCheck = 1020;
				ORGANIZATIONNAME = "Mr Wonderful";
				TargetAttributes = {
					8500B67C232C224000F6378F = {
						CreatedOnToolsVersion = 10.2.1;
					};
					8500B690232C224100F6378F = {
						CreatedOnToolsVersion = 10.2.1;
						TestTargetID = 8500B67C232C224000F6378F;
					};
				};
			};
			buildConfigurationList = 8500B678232C224000F6378F /* Build configuration list for PBXProject "Resturant-Tinder" */;
			compatibilityVersion = "Xcode 9.3";
			developmentRegion = en;
			hasScannedForEncodings = 0;
			knownRegions = (
				en,
				Base,
			);
			mainGroup = 8500B674232C224000F6378F;
			productRefGroup = 8500B67E232C224000F6378F /* Products */;
			projectDirPath = "";
			projectRoot = "";
			targets = (
				8500B67C232C224000F6378F /* Resturant-Tinder */,
				8500B690232C224100F6378F /* Resturant-TinderTests */,
			);
		};
/* End PBXProject section */

/* Begin PBXResourcesBuildPhase section */
		8500B67B232C224000F6378F /* Resources */ = {
			isa = PBXResourcesBuildPhase;
			buildActionMask = 2147483647;
			files = (
				8500B68B232C224100F6378F /* LaunchScreen.storyboard in Resources */,
				8500B688232C224100F6378F /* Assets.xcassets in Resources */,
				8500B686232C224000F6378F /* Main.storyboard in Resources */,
			);
			runOnlyForDeploymentPostprocessing = 0;
		};
		8500B68F232C224100F6378F /* Resources */ = {
			isa = PBXResourcesBuildPhase;
			buildActionMask = 2147483647;
			files = (
			);
			runOnlyForDeploymentPostprocessing = 0;
		};
/* End PBXResourcesBuildPhase section */

/* Begin PBXSourcesBuildPhase section */
		8500B679232C224000F6378F /* Sources */ = {
			isa = PBXSourcesBuildPhase;
			buildActionMask = 2147483647;
			files = (
<<<<<<< HEAD
<<<<<<< HEAD
				8500B683232C224000F6378F /* ViewController.swift in Sources */,
				08964360232DE23C00335B9D /* Secrets.swift in Sources */,
=======
				8500B6A6232C453500F6378F /* LoginViewController.swift in Sources */,
				8500B6AC232D43E800F6378F /* ForgotPasswordViewController.swift in Sources */,
				8500B6AA232C54A200F6378F /* Secrets.swift in Sources */,
>>>>>>> b93b143b638cfec3ed2f0256b2799100a95ebe35
=======

				8500B6A6232C453500F6378F /* LoginViewController.swift in Sources */,
				8500B6AC232D43E800F6378F /* ForgotPasswordViewController.swift in Sources */,
				8500B6AA232C54A200F6378F /* Secrets.swift in Sources */,


>>>>>>> f76a2a2123311eff7776db7d367c28428c4d4b1f
				8500B681232C224000F6378F /* AppDelegate.swift in Sources */,
				85F49A6F232FE2140017B21E /* ResturantDetailViewController.swift in Sources */,
				8500B6A8232C487800F6378F /* SignUpViewController.swift in Sources */,
				85F49A71232FF8B80017B21E /* ResturantTableViewCell.swift in Sources */,
				8500B6AE232D80EA00F6378F /* SwipeViewController.swift in Sources */,
				85F49A6B232FDDD40017B21E /* CatergoriesViewController.swift in Sources */,
				85F49A6D232FE1E30017B21E /* ResturantsViewController.swift in Sources */,
				85F49A67232E6F120017B21E /* welcomeViewController.swift in Sources */,
				85F49A69232E95A80017B21E /* MenuViewController.swift in Sources */,
			);
			runOnlyForDeploymentPostprocessing = 0;
		};
		8500B68D232C224100F6378F /* Sources */ = {
			isa = PBXSourcesBuildPhase;
			buildActionMask = 2147483647;
			files = (
				8500B696232C224100F6378F /* Resturant_TinderTests.swift in Sources */,
			);
			runOnlyForDeploymentPostprocessing = 0;
		};
/* End PBXSourcesBuildPhase section */

/* Begin PBXTargetDependency section */
		8500B693232C224100F6378F /* PBXTargetDependency */ = {
			isa = PBXTargetDependency;
			target = 8500B67C232C224000F6378F /* Resturant-Tinder */;
			targetProxy = 8500B692232C224100F6378F /* PBXContainerItemProxy */;
		};
/* End PBXTargetDependency section */

/* Begin PBXVariantGroup section */
		8500B684232C224000F6378F /* Main.storyboard */ = {
			isa = PBXVariantGroup;
			children = (
				8500B685232C224000F6378F /* Base */,
			);
			name = Main.storyboard;
			sourceTree = "<group>";
		};
		8500B689232C224100F6378F /* LaunchScreen.storyboard */ = {
			isa = PBXVariantGroup;
			children = (
				8500B68A232C224100F6378F /* Base */,
			);
			name = LaunchScreen.storyboard;
			sourceTree = "<group>";
		};
/* End PBXVariantGroup section */

/* Begin XCBuildConfiguration section */
		8500B698232C224100F6378F /* Debug */ = {
			isa = XCBuildConfiguration;
			buildSettings = {
				ALWAYS_SEARCH_USER_PATHS = NO;
				CLANG_ANALYZER_NONNULL = YES;
				CLANG_ANALYZER_NUMBER_OBJECT_CONVERSION = YES_AGGRESSIVE;
				CLANG_CXX_LANGUAGE_STANDARD = "gnu++14";
				CLANG_CXX_LIBRARY = "libc++";
				CLANG_ENABLE_MODULES = YES;
				CLANG_ENABLE_OBJC_ARC = YES;
				CLANG_ENABLE_OBJC_WEAK = YES;
				CLANG_WARN_BLOCK_CAPTURE_AUTORELEASING = YES;
				CLANG_WARN_BOOL_CONVERSION = YES;
				CLANG_WARN_COMMA = YES;
				CLANG_WARN_CONSTANT_CONVERSION = YES;
				CLANG_WARN_DEPRECATED_OBJC_IMPLEMENTATIONS = YES;
				CLANG_WARN_DIRECT_OBJC_ISA_USAGE = YES_ERROR;
				CLANG_WARN_DOCUMENTATION_COMMENTS = YES;
				CLANG_WARN_EMPTY_BODY = YES;
				CLANG_WARN_ENUM_CONVERSION = YES;
				CLANG_WARN_INFINITE_RECURSION = YES;
				CLANG_WARN_INT_CONVERSION = YES;
				CLANG_WARN_NON_LITERAL_NULL_CONVERSION = YES;
				CLANG_WARN_OBJC_IMPLICIT_RETAIN_SELF = YES;
				CLANG_WARN_OBJC_LITERAL_CONVERSION = YES;
				CLANG_WARN_OBJC_ROOT_CLASS = YES_ERROR;
				CLANG_WARN_RANGE_LOOP_ANALYSIS = YES;
				CLANG_WARN_STRICT_PROTOTYPES = YES;
				CLANG_WARN_SUSPICIOUS_MOVE = YES;
				CLANG_WARN_UNGUARDED_AVAILABILITY = YES_AGGRESSIVE;
				CLANG_WARN_UNREACHABLE_CODE = YES;
				CLANG_WARN__DUPLICATE_METHOD_MATCH = YES;
				CODE_SIGN_IDENTITY = "iPhone Developer";
				COPY_PHASE_STRIP = NO;
				DEBUG_INFORMATION_FORMAT = dwarf;
				ENABLE_STRICT_OBJC_MSGSEND = YES;
				ENABLE_TESTABILITY = YES;
				GCC_C_LANGUAGE_STANDARD = gnu11;
				GCC_DYNAMIC_NO_PIC = NO;
				GCC_NO_COMMON_BLOCKS = YES;
				GCC_OPTIMIZATION_LEVEL = 0;
				GCC_PREPROCESSOR_DEFINITIONS = (
					"DEBUG=1",
					"$(inherited)",
				);
				GCC_WARN_64_TO_32_BIT_CONVERSION = YES;
				GCC_WARN_ABOUT_RETURN_TYPE = YES_ERROR;
				GCC_WARN_UNDECLARED_SELECTOR = YES;
				GCC_WARN_UNINITIALIZED_AUTOS = YES_AGGRESSIVE;
				GCC_WARN_UNUSED_FUNCTION = YES;
				GCC_WARN_UNUSED_VARIABLE = YES;
				IPHONEOS_DEPLOYMENT_TARGET = 12.2;
				MTL_ENABLE_DEBUG_INFO = INCLUDE_SOURCE;
				MTL_FAST_MATH = YES;
				ONLY_ACTIVE_ARCH = YES;
				SDKROOT = iphoneos;
				SWIFT_ACTIVE_COMPILATION_CONDITIONS = DEBUG;
				SWIFT_OPTIMIZATION_LEVEL = "-Onone";
			};
			name = Debug;
		};
		8500B699232C224100F6378F /* Release */ = {
			isa = XCBuildConfiguration;
			buildSettings = {
				ALWAYS_SEARCH_USER_PATHS = NO;
				CLANG_ANALYZER_NONNULL = YES;
				CLANG_ANALYZER_NUMBER_OBJECT_CONVERSION = YES_AGGRESSIVE;
				CLANG_CXX_LANGUAGE_STANDARD = "gnu++14";
				CLANG_CXX_LIBRARY = "libc++";
				CLANG_ENABLE_MODULES = YES;
				CLANG_ENABLE_OBJC_ARC = YES;
				CLANG_ENABLE_OBJC_WEAK = YES;
				CLANG_WARN_BLOCK_CAPTURE_AUTORELEASING = YES;
				CLANG_WARN_BOOL_CONVERSION = YES;
				CLANG_WARN_COMMA = YES;
				CLANG_WARN_CONSTANT_CONVERSION = YES;
				CLANG_WARN_DEPRECATED_OBJC_IMPLEMENTATIONS = YES;
				CLANG_WARN_DIRECT_OBJC_ISA_USAGE = YES_ERROR;
				CLANG_WARN_DOCUMENTATION_COMMENTS = YES;
				CLANG_WARN_EMPTY_BODY = YES;
				CLANG_WARN_ENUM_CONVERSION = YES;
				CLANG_WARN_INFINITE_RECURSION = YES;
				CLANG_WARN_INT_CONVERSION = YES;
				CLANG_WARN_NON_LITERAL_NULL_CONVERSION = YES;
				CLANG_WARN_OBJC_IMPLICIT_RETAIN_SELF = YES;
				CLANG_WARN_OBJC_LITERAL_CONVERSION = YES;
				CLANG_WARN_OBJC_ROOT_CLASS = YES_ERROR;
				CLANG_WARN_RANGE_LOOP_ANALYSIS = YES;
				CLANG_WARN_STRICT_PROTOTYPES = YES;
				CLANG_WARN_SUSPICIOUS_MOVE = YES;
				CLANG_WARN_UNGUARDED_AVAILABILITY = YES_AGGRESSIVE;
				CLANG_WARN_UNREACHABLE_CODE = YES;
				CLANG_WARN__DUPLICATE_METHOD_MATCH = YES;
				CODE_SIGN_IDENTITY = "iPhone Developer";
				COPY_PHASE_STRIP = NO;
				DEBUG_INFORMATION_FORMAT = "dwarf-with-dsym";
				ENABLE_NS_ASSERTIONS = NO;
				ENABLE_STRICT_OBJC_MSGSEND = YES;
				GCC_C_LANGUAGE_STANDARD = gnu11;
				GCC_NO_COMMON_BLOCKS = YES;
				GCC_WARN_64_TO_32_BIT_CONVERSION = YES;
				GCC_WARN_ABOUT_RETURN_TYPE = YES_ERROR;
				GCC_WARN_UNDECLARED_SELECTOR = YES;
				GCC_WARN_UNINITIALIZED_AUTOS = YES_AGGRESSIVE;
				GCC_WARN_UNUSED_FUNCTION = YES;
				GCC_WARN_UNUSED_VARIABLE = YES;
				IPHONEOS_DEPLOYMENT_TARGET = 12.2;
				MTL_ENABLE_DEBUG_INFO = NO;
				MTL_FAST_MATH = YES;
				SDKROOT = iphoneos;
				SWIFT_COMPILATION_MODE = wholemodule;
				SWIFT_OPTIMIZATION_LEVEL = "-O";
				VALIDATE_PRODUCT = YES;
			};
			name = Release;
		};
		8500B69B232C224100F6378F /* Debug */ = {
			isa = XCBuildConfiguration;
			buildSettings = {
				ASSETCATALOG_COMPILER_APPICON_NAME = AppIcon;
				CODE_SIGN_STYLE = Automatic;
				INFOPLIST_FILE = "Resturant-Tinder/Info.plist";
				LD_RUNPATH_SEARCH_PATHS = (
					"$(inherited)",
					"@executable_path/Frameworks",
				);
				PRODUCT_BUNDLE_IDENTIFIER = "myApps.Resturant-Tinder";
				PRODUCT_NAME = "$(TARGET_NAME)";
				SWIFT_VERSION = 5.0;
				TARGETED_DEVICE_FAMILY = "1,2";
			};
			name = Debug;
		};
		8500B69C232C224100F6378F /* Release */ = {
			isa = XCBuildConfiguration;
			buildSettings = {
				ASSETCATALOG_COMPILER_APPICON_NAME = AppIcon;
				CODE_SIGN_STYLE = Automatic;
				INFOPLIST_FILE = "Resturant-Tinder/Info.plist";
				LD_RUNPATH_SEARCH_PATHS = (
					"$(inherited)",
					"@executable_path/Frameworks",
				);
				PRODUCT_BUNDLE_IDENTIFIER = "myApps.Resturant-Tinder";
				PRODUCT_NAME = "$(TARGET_NAME)";
				SWIFT_VERSION = 5.0;
				TARGETED_DEVICE_FAMILY = "1,2";
			};
			name = Release;
		};
		8500B69E232C224100F6378F /* Debug */ = {
			isa = XCBuildConfiguration;
			buildSettings = {
				ALWAYS_EMBED_SWIFT_STANDARD_LIBRARIES = YES;
				BUNDLE_LOADER = "$(TEST_HOST)";
				CODE_SIGN_STYLE = Automatic;
				INFOPLIST_FILE = "Resturant-TinderTests/Info.plist";
				LD_RUNPATH_SEARCH_PATHS = (
					"$(inherited)",
					"@executable_path/Frameworks",
					"@loader_path/Frameworks",
				);
				PRODUCT_BUNDLE_IDENTIFIER = "myApps.Resturant-TinderTests";
				PRODUCT_NAME = "$(TARGET_NAME)";
				SWIFT_VERSION = 5.0;
				TARGETED_DEVICE_FAMILY = "1,2";
				TEST_HOST = "$(BUILT_PRODUCTS_DIR)/Resturant-Tinder.app/Resturant-Tinder";
			};
			name = Debug;
		};
		8500B69F232C224100F6378F /* Release */ = {
			isa = XCBuildConfiguration;
			buildSettings = {
				ALWAYS_EMBED_SWIFT_STANDARD_LIBRARIES = YES;
				BUNDLE_LOADER = "$(TEST_HOST)";
				CODE_SIGN_STYLE = Automatic;
				INFOPLIST_FILE = "Resturant-TinderTests/Info.plist";
				LD_RUNPATH_SEARCH_PATHS = (
					"$(inherited)",
					"@executable_path/Frameworks",
					"@loader_path/Frameworks",
				);
				PRODUCT_BUNDLE_IDENTIFIER = "myApps.Resturant-TinderTests";
				PRODUCT_NAME = "$(TARGET_NAME)";
				SWIFT_VERSION = 5.0;
				TARGETED_DEVICE_FAMILY = "1,2";
				TEST_HOST = "$(BUILT_PRODUCTS_DIR)/Resturant-Tinder.app/Resturant-Tinder";
			};
			name = Release;
		};
/* End XCBuildConfiguration section */

/* Begin XCConfigurationList section */
		8500B678232C224000F6378F /* Build configuration list for PBXProject "Resturant-Tinder" */ = {
			isa = XCConfigurationList;
			buildConfigurations = (
				8500B698232C224100F6378F /* Debug */,
				8500B699232C224100F6378F /* Release */,
			);
			defaultConfigurationIsVisible = 0;
			defaultConfigurationName = Release;
		};
		8500B69A232C224100F6378F /* Build configuration list for PBXNativeTarget "Resturant-Tinder" */ = {
			isa = XCConfigurationList;
			buildConfigurations = (
				8500B69B232C224100F6378F /* Debug */,
				8500B69C232C224100F6378F /* Release */,
			);
			defaultConfigurationIsVisible = 0;
			defaultConfigurationName = Release;
		};
		8500B69D232C224100F6378F /* Build configuration list for PBXNativeTarget "Resturant-TinderTests" */ = {
			isa = XCConfigurationList;
			buildConfigurations = (
				8500B69E232C224100F6378F /* Debug */,
				8500B69F232C224100F6378F /* Release */,
			);
			defaultConfigurationIsVisible = 0;
			defaultConfigurationName = Release;
		};
/* End XCConfigurationList section */
	};
	rootObject = 8500B675232C224000F6378F /* Project object */;
}
